{
  "name": "gmmail",
  "lockfileVersion": 3,
  "requires": true,
  "packages": {
    "": {
      "name": "gmmail",
      "dependencies": {
        "email-validator-pro": "^1.0.1"
      },
      "devDependencies": {
        "bun-types": "^1.0.6"
      },
      "peerDependencies": {
        "typescript": "^5.0.0"
      }
    },
    "node_modules/bun-types": {
      "version": "1.0.6",
      "dev": true
    },
    "node_modules/email-validator-pro": {
      "version": "1.0.1",
      "resolved": "https://registry.npmjs.org/email-validator-pro/-/email-validator-pro-1.0.1.tgz",
      "integrity": "sha512-o1o9VS6c54E6DJOFUoQlSJI+pXv+VCI6BlrqClS8bRgkYZsA1YGQoUdE05KFDwU57fi9I6W4Q35lsjBQDzTrHA=="
    },
    "node_modules/typescript": {
      "version": "5.2.2",
      "license": "Apache-2.0",
      "peer": true,
      "bin": {
        "tsc": "bin/tsc",
        "tsserver": "bin/tsserver"
      },
      "engines": {
        "node": ">=14.17"
      }
    }
  }
}
